
Microsoft Visual Studio Solution File, Format Version 12.00
# Visual Studio 14
VisualStudioVersion = 14.0.25123.0
MinimumVisualStudioVersion = 10.0.40219.1
Project("{FAE04EC0-301F-11D3-BF4B-00C04F79EFBC}") = "PinnacleSample", "PinnacleSample\PinnacleSample.csproj", "{820CC7D7-0902-4E14-BC0C-268B1D86D29A}"
EndProject
Project("{FAE04EC0-301F-11D3-BF4B-00C04F79EFBC}") = "PinnacleSampleTest", "TestPinnacle\PinnacleSampleTest.csproj", "{AE26C327-F9E7-4818-8B66-57177DD662D6}"
EndProject
Global
	GlobalSection(SolutionConfigurationPlatforms) = preSolution
		Debug|Any CPU = Debug|Any CPU
		Release|Any CPU = Release|Any CPU
	EndGlobalSection
	GlobalSection(ProjectConfigurationPlatforms) = postSolution
		{820CC7D7-0902-4E14-BC0C-268B1D86D29A}.Debug|Any CPU.ActiveCfg = Debug|Any CPU
		{820CC7D7-0902-4E14-BC0C-268B1D86D29A}.Debug|Any CPU.Build.0 = Debug|Any CPU
		{820CC7D7-0902-4E14-BC0C-268B1D86D29A}.Release|Any CPU.ActiveCfg = Release|Any CPU
		{820CC7D7-0902-4E14-BC0C-268B1D86D29A}.Release|Any CPU.Build.0 = Release|Any CPU
		{AE26C327-F9E7-4818-8B66-57177DD662D6}.Debug|Any CPU.ActiveCfg = Debug|Any CPU
		{AE26C327-F9E7-4818-8B66-57177DD662D6}.Debug|Any CPU.Build.0 = Debug|Any CPU
		{AE26C327-F9E7-4818-8B66-57177DD662D6}.Release|Any CPU.ActiveCfg = Release|Any CPU
		{AE26C327-F9E7-4818-8B66-57177DD662D6}.Release|Any CPU.Build.0 = Release|Any CPU
	EndGlobalSection
	GlobalSection(SolutionProperties) = preSolution
		HideSolutionNode = FALSE
	EndGlobalSection
EndGlobal
